// !$*UTF8*$!
{
	archiveVersion = 1;
	classes = {
	};
	objectVersion = 50;
	objects = {

/* Begin PBXBuildFile section */
		18372BDE25072BC600B779BE /* AppDelegate.m in Sources */ = {isa = PBXBuildFile; fileRef = 18372BDD25072BC600B779BE /* AppDelegate.m */; };
		18372BE125072BC600B779BE /* SceneDelegate.m in Sources */ = {isa = PBXBuildFile; fileRef = 18372BE025072BC600B779BE /* SceneDelegate.m */; };
		18372BE425072BC600B779BE /* ViewController.m in Sources */ = {isa = PBXBuildFile; fileRef = 18372BE325072BC600B779BE /* ViewController.m */; };
		18372BE725072BC600B779BE /* Main.storyboard in Resources */ = {isa = PBXBuildFile; fileRef = 18372BE525072BC600B779BE /* Main.storyboard */; };
		18372BE925072BCD00B779BE /* Assets.xcassets in Resources */ = {isa = PBXBuildFile; fileRef = 18372BE825072BCD00B779BE /* Assets.xcassets */; };
		18372BEC25072BCD00B779BE /* LaunchScreen.storyboard in Resources */ = {isa = PBXBuildFile; fileRef = 18372BEA25072BCD00B779BE /* LaunchScreen.storyboard */; };
		18372BEF25072BCE00B779BE /* main.m in Sources */ = {isa = PBXBuildFile; fileRef = 18372BEE25072BCE00B779BE /* main.m */; };
/* End PBXBuildFile section */

/* Begin PBXFileReference section */
		18372BD925072BC600B779BE /* LookInBody.app */ = {isa = PBXFileReference; explicitFileType = wrapper.application; includeInIndex = 0; path = LookInBody.app; sourceTree = BUILT_PRODUCTS_DIR; };
		18372BDC25072BC600B779BE /* AppDelegate.h */ = {isa = PBXFileReference; lastKnownFileType = sourcecode.c.h; path = AppDelegate.h; sourceTree = "<group>"; };
		18372BDD25072BC600B779BE /* AppDelegate.m */ = {isa = PBXFileReference; lastKnownFileType = sourcecode.c.objc; path = AppDelegate.m; sourceTree = "<group>"; };
		18372BDF25072BC600B779BE /* SceneDelegate.h */ = {isa = PBXFileReference; lastKnownFileType = sourcecode.c.h; path = SceneDelegate.h; sourceTree = "<group>"; };
		18372BE025072BC600B779BE /* SceneDelegate.m */ = {isa = PBXFileReference; lastKnownFileType = sourcecode.c.objc; path = SceneDelegate.m; sourceTree = "<group>"; };
		18372BE225072BC600B779BE /* ViewController.h */ = {isa = PBXFileReference; lastKnownFileType = sourcecode.c.h; path = ViewController.h; sourceTree = "<group>"; };
		18372BE325072BC600B779BE /* ViewController.m */ = {isa = PBXFileReference; lastKnownFileType = sourcecode.c.objc; path = ViewController.m; sourceTree = "<group>"; };
		18372BE625072BC600B779BE /* Base */ = {isa = PBXFileReference; lastKnownFileType = file.storyboard; name = Base; path = Base.lproj/Main.storyboard; sourceTree = "<group>"; };
		18372BE825072BCD00B779BE /* Assets.xcassets */ = {isa = PBXFileReference; lastKnownFileType = folder.assetcatalog; path = Assets.xcassets; sourceTree = "<group>"; };
		18372BEB25072BCD00B779BE /* Base */ = {isa = PBXFileReference; lastKnownFileType = file.storyboard; name = Base; path = Base.lproj/LaunchScreen.storyboard; sourceTree = "<group>"; };
		18372BED25072BCD00B779BE /* Info.plist */ = {isa = PBXFileReference; lastKnownFileType = text.plist.xml; path = Info.plist; sourceTree = "<group>"; };
		18372BEE25072BCE00B779BE /* main.m */ = {isa = PBXFileReference; lastKnownFileType = sourcecode.c.objc; path = main.m; sourceTree = "<group>"; };
/* End PBXFileReference section */

/* Begin PBXFrameworksBuildPhase section */
		18372BD625072BC600B779BE /* Frameworks */ = {
			isa = PBXFrameworksBuildPhase;
			buildActionMask = 2147483647;
			files = (
			);
			runOnlyForDeploymentPostprocessing = 0;
		};
/* End PBXFrameworksBuildPhase section */

/* Begin PBXGroup section */
		18372BD025072BC600B779BE = {
			isa = PBXGroup;
			children = (
				18372BDB25072BC600B779BE /* LookInBody */,
				18372BDA25072BC600B779BE /* Products */,
			);
			sourceTree = "<group>";
		};
		18372BDA25072BC600B779BE /* Products */ = {
			isa = PBXGroup;
			children = (
				18372BD925072BC600B779BE /* LookInBody.app */,
			);
			name = Products;
			sourceTree = "<group>";
		};
		18372BDB25072BC600B779BE /* LookInBody */ = {
			isa = PBXGroup;
			children = (
				18372BDC25072BC600B779BE /* AppDelegate.h */,
				18372BDD25072BC600B779BE /* AppDelegate.m */,
				18372BDF25072BC600B779BE /* SceneDelegate.h */,
				18372BE025072BC600B779BE /* SceneDelegate.m */,
				18372BE225072BC600B779BE /* ViewController.h */,
				18372BE325072BC600B779BE /* ViewController.m */,
				18372BE525072BC600B779BE /* Main.storyboard */,
				18372BE825072BCD00B779BE /* Assets.xcassets */,
				18372BEA25072BCD00B779BE /* LaunchScreen.storyboard */,
				18372BED25072BCD00B779BE /* Info.plist */,
				18372BEE25072BCE00B779BE /* main.m */,
			);
			path = LookInBody;
			sourceTree = "<group>";
		};
/* End PBXGroup section */

/* Begin PBXNativeTarget section */
		18372BD825072BC600B779BE /* LookInBody */ = {
			isa = PBXNativeTarget;
			buildConfigurationList = 18372BF225072BCE00B779BE /* Build configuration list for PBXNativeTarget "LookInBody" */;
			buildPhases = (
				18372BD525072BC600B779BE /* Sources */,
				18372BD625072BC600B779BE /* Frameworks */,
				18372BD725072BC600B779BE /* Resources */,
			);
			buildRules = (
			);
			dependencies = (
			);
			name = LookInBody;
			productName = LookInBody;
			productReference = 18372BD925072BC600B779BE /* LookInBody.app */;
			productType = "com.apple.product-type.application";
		};
/* End PBXNativeTarget section */

/* Begin PBXProject section */
		18372BD125072BC600B779BE /* Project object */ = {
			isa = PBXProject;
			attributes = {
				LastUpgradeCheck = 1150;
				ORGANIZATIONNAME = Apple;
				TargetAttributes = {
					18372BD825072BC600B779BE = {
						CreatedOnToolsVersion = 11.5;
					};
				};
			};
			buildConfigurationList = 18372BD425072BC600B779BE /* Build configuration list for PBXProject "LookInBody" */;
			compatibilityVersion = "Xcode 9.3";
			developmentRegion = en;
			hasScannedForEncodings = 0;
			knownRegions = (
				en,
				Base,
			);
			mainGroup = 18372BD025072BC600B779BE;
			productRefGroup = 18372BDA25072BC600B779BE /* Products */;
			projectDirPath = "";
			projectRoot = "";
			targets = (
				18372BD825072BC600B779BE /* LookInBody */,
			);
		};
/* End PBXProject section */

/* Begin PBXResourcesBuildPhase section */
		18372BD725072BC600B779BE /* Resources */ = {
			isa = PBXResourcesBuildPhase;
			buildActionMask = 2147483647;
			files = (
				18372BEC25072BCD00B779BE /* LaunchScreen.storyboard in Resources */,
				18372BE925072BCD00B779BE /* Assets.xcassets in Resources */,
				18372BE725072BC600B779BE /* Main.storyboard in Resources */,
			);
			runOnlyForDeploymentPostprocessing = 0;
		};
/* End PBXResourcesBuildPhase section */

/* Begin PBXSourcesBuildPhase section */
		18372BD525072BC600B779BE /* Sources */ = {
			isa = PBXSourcesBuildPhase;
			buildActionMask = 2147483647;
			files = (
				18372BE425072BC600B779BE /* ViewController.m in Sources */,
				18372BDE25072BC600B779BE /* AppDelegate.m in Sources */,
				18372BEF25072BCE00B779BE /* main.m in Sources */,
				18372BE125072BC600B779BE /* SceneDelegate.m in Sources */,
			);
			runOnlyForDeploymentPostprocessing = 0;
		};
/* End PBXSourcesBuildPhase section */

/* Begin PBXVariantGroup section */
		18372BE525072BC600B779BE /* Main.storyboard */ = {
			isa = PBXVariantGroup;
			children = (
				18372BE625072BC600B779BE /* Base */,
			);
			name = Main.storyboard;
			sourceTree = "<group>";
		};
		18372BEA25072BCD00B779BE /* LaunchScreen.storyboard */ = {
			isa = PBXVariantGroup;
			children = (
				18372BEB25072BCD00B779BE /* Base */,
			);
			name = LaunchScreen.storyboard;
			sourceTree = "<group>";
		};
/* End PBXVariantGroup section */

/* Begin XCBuildConfiguration section */
		18372BF025072BCE00B779BE /* Debug */ = {
			isa = XCBuildConfiguration;
			buildSettings = {
				ALWAYS_SEARCH_USER_PATHS = NO;
				CLANG_ANALYZER_NONNULL = YES;
				CLANG_ANALYZER_NUMBER_OBJECT_CONVERSION = YES_AGGRESSIVE;
				CLANG_CXX_LANGUAGE_STANDARD = "gnu++14";
				CLANG_CXX_LIBRARY = "libc++";
				CLANG_ENABLE_MODULES = YES;
				CLANG_ENABLE_OBJC_ARC = YES;
				CLANG_ENABLE_OBJC_WEAK = YES;
				CLANG_WARN_BLOCK_CAPTURE_AUTORELEASING = YES;
				CLANG_WARN_BOOL_CONVERSION = YES;
				CLANG_WARN_COMMA = YES;
				CLANG_WARN_CONSTANT_CONVERSION = YES;
				CLANG_WARN_DEPRECATED_OBJC_IMPLEMENTATIONS = YES;
				CLANG_WARN_DIRECT_OBJC_ISA_USAGE = YES_ERROR;
				CLANG_WARN_DOCUMENTATION_COMMENTS = YES;
				CLANG_WARN_EMPTY_BODY = YES;
				CLANG_WARN_ENUM_CONVERSION = YES;
				CLANG_WARN_INFINITE_RECURSION = YES;
				CLANG_WARN_INT_CONVERSION = YES;
				CLANG_WARN_NON_LITERAL_NULL_CONVERSION = YES;
				CLANG_WARN_OBJC_IMPLICIT_RETAIN_SELF = YES;
				CLANG_WARN_OBJC_LITERAL_CONVERSION = YES;
				CLANG_WARN_OBJC_ROOT_CLASS = YES_ERROR;
				CLANG_WARN_RANGE_LOOP_ANALYSIS = YES;
				CLANG_WARN_STRICT_PROTOTYPES = YES;
				CLANG_WARN_SUSPICIOUS_MOVE = YES;
				CLANG_WARN_UNGUARDED_AVAILABILITY = YES_AGGRESSIVE;
				CLANG_WARN_UNREACHABLE_CODE = YES;
				CLANG_WARN__DUPLICATE_METHOD_MATCH = YES;
				COPY_PHASE_STRIP = NO;
				DEBUG_INFORMATION_FORMAT = dwarf;
				ENABLE_STRICT_OBJC_MSGSEND = YES;
				ENABLE_TESTABILITY = YES;
				GCC_C_LANGUAGE_STANDARD = gnu11;
				GCC_DYNAMIC_NO_PIC = NO;
				GCC_NO_COMMON_BLOCKS = YES;
				GCC_OPTIMIZATION_LEVEL = 0;
				GCC_PREPROCESSOR_DEFINITIONS = (
					"DEBUG=1",
					"$(inherited)",
				);
				GCC_WARN_64_TO_32_BIT_CONVERSION = YES;
				GCC_WARN_ABOUT_RETURN_TYPE = YES_ERROR;
				GCC_WARN_UNDECLARED_SELECTOR = YES;
				GCC_WARN_UNINITIALIZED_AUTOS = YES_AGGRESSIVE;
				GCC_WARN_UNUSED_FUNCTION = YES;
				GCC_WARN_UNUSED_VARIABLE = YES;
				IPHONEOS_DEPLOYMENT_TARGET = 13.5;
				MTL_ENABLE_DEBUG_INFO = INCLUDE_SOURCE;
				MTL_FAST_MATH = YES;
				ONLY_ACTIVE_ARCH = YES;
				SDKROOT = iphoneos;
			};
			name = Debug;
		};
		18372BF125072BCE00B779BE /* Release */ = {
			isa = XCBuildConfiguration;
			buildSettings = {
				ALWAYS_SEARCH_USER_PATHS = NO;
				CLANG_ANALYZER_NONNULL = YES;
				CLANG_ANALYZER_NUMBER_OBJECT_CONVERSION = YES_AGGRESSIVE;
				CLANG_CXX_LANGUAGE_STANDARD = "gnu++14";
				CLANG_CXX_LIBRARY = "libc++";
				CLANG_ENABLE_MODULES = YES;
				CLANG_ENABLE_OBJC_ARC = YES;
				CLANG_ENABLE_OBJC_WEAK = YES;
				CLANG_WARN_BLOCK_CAPTURE_AUTORELEASING = YES;
				CLANG_WARN_BOOL_CONVERSION = YES;
				CLANG_WARN_COMMA = YES;
				CLANG_WARN_CONSTANT_CONVERSION = YES;
				CLANG_WARN_DEPRECATED_OBJC_IMPLEMENTATIONS = YES;
				CLANG_WARN_DIRECT_OBJC_ISA_USAGE = YES_ERROR;
				CLANG_WARN_DOCUMENTATION_COMMENTS = YES;
				CLANG_WARN_EMPTY_BODY = YES;
				CLANG_WARN_ENUM_CONVERSION = YES;
				CLANG_WARN_INFINITE_RECURSION = YES;
				CLANG_WARN_INT_CONVERSION = YES;
				CLANG_WARN_NON_LITERAL_NULL_CONVERSION = YES;
				CLANG_WARN_OBJC_IMPLICIT_RETAIN_SELF = YES;
				CLANG_WARN_OBJC_LITERAL_CONVERSION = YES;
				CLANG_WARN_OBJC_ROOT_CLASS = YES_ERROR;
				CLANG_WARN_RANGE_LOOP_ANALYSIS = YES;
				CLANG_WARN_STRICT_PROTOTYPES = YES;
				CLANG_WARN_SUSPICIOUS_MOVE = YES;
				CLANG_WARN_UNGUARDED_AVAILABILITY = YES_AGGRESSIVE;
				CLANG_WARN_UNREACHABLE_CODE = YES;
				CLANG_WARN__DUPLICATE_METHOD_MATCH = YES;
				COPY_PHASE_STRIP = NO;
				DEBUG_INFORMATION_FORMAT = "dwarf-with-dsym";
				ENABLE_NS_ASSERTIONS = NO;
				ENABLE_STRICT_OBJC_MSGSEND = YES;
				GCC_C_LANGUAGE_STANDARD = gnu11;
				GCC_NO_COMMON_BLOCKS = YES;
				GCC_WARN_64_TO_32_BIT_CONVERSION = YES;
				GCC_WARN_ABOUT_RETURN_TYPE = YES_ERROR;
				GCC_WARN_UNDECLARED_SELECTOR = YES;
				GCC_WARN_UNINITIALIZED_AUTOS = YES_AGGRESSIVE;
				GCC_WARN_UNUSED_FUNCTION = YES;
				GCC_WARN_UNUSED_VARIABLE = YES;
				IPHONEOS_DEPLOYMENT_TARGET = 13.5;
				MTL_ENABLE_DEBUG_INFO = NO;
				MTL_FAST_MATH = YES;
				SDKROOT = iphoneos;
				VALIDATE_PRODUCT = YES;
			};
			name = Release;
		};
		18372BF325072BCE00B779BE /* Debug */ = {
			isa = XCBuildConfiguration;
			buildSettings = {
				ASSETCATALOG_COMPILER_APPICON_NAME = AppIcon;
				CODE_SIGN_STYLE = Automatic;
				DEVELOPMENT_TEAM = PMFU8Q53PV;
				INFOPLIST_FILE = LookInBody/Info.plist;
				LD_RUNPATH_SEARCH_PATHS = (
					"$(inherited)",
					"@executable_path/Frameworks",
				);
				PRODUCT_BUNDLE_IDENTIFIER = com.keunhyeong.LookInBody;
				PRODUCT_NAME = "$(TARGET_NAME)";
				TARGETED_DEVICE_FAMILY = "1,2";
			};
			name = Debug;
		};
		18372BF425072BCE00B779BE /* Release */ = {
			isa = XCBuildConfiguration;
			buildSettings = {
				ASSETCATALOG_COMPILER_APPICON_NAME = AppIcon;
				CODE_SIGN_STYLE = Automatic;
				DEVELOPMENT_TEAM = PMFU8Q53PV;
				INFOPLIST_FILE = LookInBody/Info.plist;
				LD_RUNPATH_SEARCH_PATHS = (
					"$(inherited)",
					"@executable_path/Frameworks",
				);
				PRODUCT_BUNDLE_IDENTIFIER = com.keunhyeong.LookInBody;
				PRODUCT_NAME = "$(TARGET_NAME)";
				TARGETED_DEVICE_FAMILY = "1,2";
			};
			name = Release;
		};
/* End XCBuildConfiguration section */

/* Begin XCConfigurationList section */
		18372BD425072BC600B779BE /* Build configuration list for PBXProject "LookInBody" */ = {
			isa = XCConfigurationList;
			buildConfigurations = (
				18372BF025072BCE00B779BE /* Debug */,
				18372BF125072BCE00B779BE /* Release */,
			);
			defaultConfigurationIsVisible = 0;
			defaultConfigurationName = Release;
		};
		18372BF225072BCE00B779BE /* Build configuration list for PBXNativeTarget "LookInBody" */ = {
			isa = XCConfigurationList;
			buildConfigurations = (
				18372BF325072BCE00B779BE /* Debug */,
				18372BF425072BCE00B779BE /* Release */,
			);
			defaultConfigurationIsVisible = 0;
			defaultConfigurationName = Release;
		};
/* End XCConfigurationList section */
	};
	rootObject = 18372BD125072BC600B779BE /* Project object */;
}
